// !$*UTF8*$!
{
	archiveVersion = 1;
	classes = {
	};
	objectVersion = 56;
	objects = {

/* Begin PBXBuildFile section */
		8677E44F2AB5C67D00D2766C /* RandomImageApp.swift in Sources */ = {isa = PBXBuildFile; fileRef = 8677E44E2AB5C67D00D2766C /* RandomImageApp.swift */; };
		8677E4512AB5C67D00D2766C /* ContentView.swift in Sources */ = {isa = PBXBuildFile; fileRef = 8677E4502AB5C67D00D2766C /* ContentView.swift */; };
		8677E4532AB5C67E00D2766C /* Assets.xcassets in Resources */ = {isa = PBXBuildFile; fileRef = 8677E4522AB5C67E00D2766C /* Assets.xcassets */; };
		8677E4562AB5C67E00D2766C /* Preview Assets.xcassets in Resources */ = {isa = PBXBuildFile; fileRef = 8677E4552AB5C67E00D2766C /* Preview Assets.xcassets */; };
		8677E45D2AB5C69000D2766C /* ImageFullScreenView.swift in Sources */ = {isa = PBXBuildFile; fileRef = 8677E45C2AB5C69000D2766C /* ImageFullScreenView.swift */; };
		8677E45F2AB5C6A700D2766C /* Photo.swift in Sources */ = {isa = PBXBuildFile; fileRef = 8677E45E2AB5C6A700D2766C /* Photo.swift */; };
		8677E4612AB5C6BB00D2766C /* ImageLoader.swift in Sources */ = {isa = PBXBuildFile; fileRef = 8677E4602AB5C6BB00D2766C /* ImageLoader.swift */; };
		8677E4632AB5C6C400D2766C /* APIManager.swift in Sources */ = {isa = PBXBuildFile; fileRef = 8677E4622AB5C6C400D2766C /* APIManager.swift */; };
		8677E46A2AB5C7A300D2766C /* LaunchScreen.storyboard in Resources */ = {isa = PBXBuildFile; fileRef = 8677E4692AB5C7A300D2766C /* LaunchScreen.storyboard */; };
/* End PBXBuildFile section */

/* Begin PBXFileReference section */
		8677E44B2AB5C67D00D2766C /* RandomImage.app */ = {isa = PBXFileReference; explicitFileType = wrapper.application; includeInIndex = 0; path = RandomImage.app; sourceTree = BUILT_PRODUCTS_DIR; };
		8677E44E2AB5C67D00D2766C /* RandomImageApp.swift */ = {isa = PBXFileReference; lastKnownFileType = sourcecode.swift; path = RandomImageApp.swift; sourceTree = "<group>"; };
		8677E4502AB5C67D00D2766C /* ContentView.swift */ = {isa = PBXFileReference; lastKnownFileType = sourcecode.swift; path = ContentView.swift; sourceTree = "<group>"; };
		8677E4522AB5C67E00D2766C /* Assets.xcassets */ = {isa = PBXFileReference; lastKnownFileType = folder.assetcatalog; path = Assets.xcassets; sourceTree = "<group>"; };
		8677E4552AB5C67E00D2766C /* Preview Assets.xcassets */ = {isa = PBXFileReference; lastKnownFileType = folder.assetcatalog; path = "Preview Assets.xcassets"; sourceTree = "<group>"; };
		8677E45C2AB5C69000D2766C /* ImageFullScreenView.swift */ = {isa = PBXFileReference; lastKnownFileType = sourcecode.swift; path = ImageFullScreenView.swift; sourceTree = "<group>"; };
		8677E45E2AB5C6A700D2766C /* Photo.swift */ = {isa = PBXFileReference; lastKnownFileType = sourcecode.swift; path = Photo.swift; sourceTree = "<group>"; };
		8677E4602AB5C6BB00D2766C /* ImageLoader.swift */ = {isa = PBXFileReference; lastKnownFileType = sourcecode.swift; path = ImageLoader.swift; sourceTree = "<group>"; };
		8677E4622AB5C6C400D2766C /* APIManager.swift */ = {isa = PBXFileReference; lastKnownFileType = sourcecode.swift; path = APIManager.swift; sourceTree = "<group>"; };
		8677E4692AB5C7A300D2766C /* LaunchScreen.storyboard */ = {isa = PBXFileReference; lastKnownFileType = file.storyboard; path = LaunchScreen.storyboard; sourceTree = "<group>"; };
		8677E46B2AB5C8AE00D2766C /* Info.plist */ = {isa = PBXFileReference; lastKnownFileType = text.plist; path = Info.plist; sourceTree = "<group>"; };
/* End PBXFileReference section */

/* Begin PBXFrameworksBuildPhase section */
		8677E4482AB5C67D00D2766C /* Frameworks */ = {
			isa = PBXFrameworksBuildPhase;
			buildActionMask = 2147483647;
			files = (
			);
			runOnlyForDeploymentPostprocessing = 0;
		};
/* End PBXFrameworksBuildPhase section */

/* Begin PBXGroup section */
		8677E4422AB5C67D00D2766C = {
			isa = PBXGroup;
			children = (
				8677E44D2AB5C67D00D2766C /* RandomImage */,
				8677E44C2AB5C67D00D2766C /* Products */,
			);
			sourceTree = "<group>";
		};
		8677E44C2AB5C67D00D2766C /* Products */ = {
			isa = PBXGroup;
			children = (
				8677E44B2AB5C67D00D2766C /* RandomImage.app */,
			);
			name = Products;
			sourceTree = "<group>";
		};
		8677E44D2AB5C67D00D2766C /* RandomImage */ = {
			isa = PBXGroup;
			children = (
				8677E46B2AB5C8AE00D2766C /* Info.plist */,
				8677E4672AB5C78400D2766C /* App */,
				8677E4662AB5C77D00D2766C /* View */,
				8677E4652AB5C77800D2766C /* Model */,
				8677E4642AB5C77000D2766C /* Network */,
				8677E4682AB5C79500D2766C /* Resources */,
				8677E4542AB5C67E00D2766C /* Preview Content */,
			);
			path = RandomImage;
			sourceTree = "<group>";
		};
		8677E4542AB5C67E00D2766C /* Preview Content */ = {
			isa = PBXGroup;
			children = (
				8677E4552AB5C67E00D2766C /* Preview Assets.xcassets */,
			);
			path = "Preview Content";
			sourceTree = "<group>";
		};
		8677E4642AB5C77000D2766C /* Network */ = {
			isa = PBXGroup;
			children = (
				8677E4602AB5C6BB00D2766C /* ImageLoader.swift */,
				8677E4622AB5C6C400D2766C /* APIManager.swift */,
			);
			path = Network;
			sourceTree = "<group>";
		};
		8677E4652AB5C77800D2766C /* Model */ = {
			isa = PBXGroup;
			children = (
				8677E45E2AB5C6A700D2766C /* Photo.swift */,
			);
			path = Model;
			sourceTree = "<group>";
		};
		8677E4662AB5C77D00D2766C /* View */ = {
			isa = PBXGroup;
			children = (
				8677E4502AB5C67D00D2766C /* ContentView.swift */,
				8677E45C2AB5C69000D2766C /* ImageFullScreenView.swift */,
			);
			path = View;
			sourceTree = "<group>";
		};
		8677E4672AB5C78400D2766C /* App */ = {
			isa = PBXGroup;
			children = (
				8677E44E2AB5C67D00D2766C /* RandomImageApp.swift */,
			);
			path = App;
			sourceTree = "<group>";
		};
		8677E4682AB5C79500D2766C /* Resources */ = {
			isa = PBXGroup;
			children = (
				8677E4522AB5C67E00D2766C /* Assets.xcassets */,
				8677E4692AB5C7A300D2766C /* LaunchScreen.storyboard */,
			);
			path = Resources;
			sourceTree = "<group>";
		};
/* End PBXGroup section */

/* Begin PBXNativeTarget section */
		8677E44A2AB5C67D00D2766C /* RandomImage */ = {
			isa = PBXNativeTarget;
			buildConfigurationList = 8677E4592AB5C67E00D2766C /* Build configuration list for PBXNativeTarget "RandomImage" */;
			buildPhases = (
				8677E4472AB5C67D00D2766C /* Sources */,
				8677E4482AB5C67D00D2766C /* Frameworks */,
				8677E4492AB5C67D00D2766C /* Resources */,
			);
			buildRules = (
			);
			dependencies = (
			);
			name = RandomImage;
			productName = RandomImage;
			productReference = 8677E44B2AB5C67D00D2766C /* RandomImage.app */;
			productType = "com.apple.product-type.application";
		};
/* End PBXNativeTarget section */

/* Begin PBXProject section */
		8677E4432AB5C67D00D2766C /* Project object */ = {
			isa = PBXProject;
			attributes = {
				BuildIndependentTargetsInParallel = 1;
				LastSwiftUpdateCheck = 1430;
				LastUpgradeCheck = 1430;
				TargetAttributes = {
					8677E44A2AB5C67D00D2766C = {
						CreatedOnToolsVersion = 14.3.1;
					};
				};
			};
			buildConfigurationList = 8677E4462AB5C67D00D2766C /* Build configuration list for PBXProject "RandomImage" */;
			compatibilityVersion = "Xcode 14.0";
			developmentRegion = en;
			hasScannedForEncodings = 0;
			knownRegions = (
				en,
				Base,
			);
			mainGroup = 8677E4422AB5C67D00D2766C;
			productRefGroup = 8677E44C2AB5C67D00D2766C /* Products */;
			projectDirPath = "";
			projectRoot = "";
			targets = (
				8677E44A2AB5C67D00D2766C /* RandomImage */,
			);
		};
/* End PBXProject section */

/* Begin PBXResourcesBuildPhase section */
		8677E4492AB5C67D00D2766C /* Resources */ = {
			isa = PBXResourcesBuildPhase;
			buildActionMask = 2147483647;
			files = (
				8677E46A2AB5C7A300D2766C /* LaunchScreen.storyboard in Resources */,
				8677E4562AB5C67E00D2766C /* Preview Assets.xcassets in Resources */,
				8677E4532AB5C67E00D2766C /* Assets.xcassets in Resources */,
			);
			runOnlyForDeploymentPostprocessing = 0;
		};
/* End PBXResourcesBuildPhase section */

/* Begin PBXSourcesBuildPhase section */
		8677E4472AB5C67D00D2766C /* Sources */ = {
			isa = PBXSourcesBuildPhase;
			buildActionMask = 2147483647;
			files = (
				8677E4632AB5C6C400D2766C /* APIManager.swift in Sources */,
				8677E45F2AB5C6A700D2766C /* Photo.swift in Sources */,
				8677E4512AB5C67D00D2766C /* ContentView.swift in Sources */,
				8677E4612AB5C6BB00D2766C /* ImageLoader.swift in Sources */,
				8677E44F2AB5C67D00D2766C /* RandomImageApp.swift in Sources */,
				8677E45D2AB5C69000D2766C /* ImageFullScreenView.swift in Sources */,
			);
			runOnlyForDeploymentPostprocessing = 0;
		};
/* End PBXSourcesBuildPhase section */

/* Begin XCBuildConfiguration section */
		8677E4572AB5C67E00D2766C /* Debug */ = {
			isa = XCBuildConfiguration;
			buildSettings = {
				ALWAYS_SEARCH_USER_PATHS = NO;
				CLANG_ANALYZER_NONNULL = YES;
				CLANG_ANALYZER_NUMBER_OBJECT_CONVERSION = YES_AGGRESSIVE;
				CLANG_CXX_LANGUAGE_STANDARD = "gnu++20";
				CLANG_ENABLE_MODULES = YES;
				CLANG_ENABLE_OBJC_ARC = YES;
				CLANG_ENABLE_OBJC_WEAK = YES;
				CLANG_WARN_BLOCK_CAPTURE_AUTORELEASING = YES;
				CLANG_WARN_BOOL_CONVERSION = YES;
				CLANG_WARN_COMMA = YES;
				CLANG_WARN_CONSTANT_CONVERSION = YES;
				CLANG_WARN_DEPRECATED_OBJC_IMPLEMENTATIONS = YES;
				CLANG_WARN_DIRECT_OBJC_ISA_USAGE = YES_ERROR;
				CLANG_WARN_DOCUMENTATION_COMMENTS = YES;
				CLANG_WARN_EMPTY_BODY = YES;
				CLANG_WARN_ENUM_CONVERSION = YES;
				CLANG_WARN_INFINITE_RECURSION = YES;
				CLANG_WARN_INT_CONVERSION = YES;
				CLANG_WARN_NON_LITERAL_NULL_CONVERSION = YES;
				CLANG_WARN_OBJC_IMPLICIT_RETAIN_SELF = YES;
				CLANG_WARN_OBJC_LITERAL_CONVERSION = YES;
				CLANG_WARN_OBJC_ROOT_CLASS = YES_ERROR;
				CLANG_WARN_QUOTED_INCLUDE_IN_FRAMEWORK_HEADER = YES;
				CLANG_WARN_RANGE_LOOP_ANALYSIS = YES;
				CLANG_WARN_STRICT_PROTOTYPES = YES;
				CLANG_WARN_SUSPICIOUS_MOVE = YES;
				CLANG_WARN_UNGUARDED_AVAILABILITY = YES_AGGRESSIVE;
				CLANG_WARN_UNREACHABLE_CODE = YES;
				CLANG_WARN__DUPLICATE_METHOD_MATCH = YES;
				COPY_PHASE_STRIP = NO;
				DEBUG_INFORMATION_FORMAT = dwarf;
				ENABLE_STRICT_OBJC_MSGSEND = YES;
				ENABLE_TESTABILITY = YES;
				GCC_C_LANGUAGE_STANDARD = gnu11;
				GCC_DYNAMIC_NO_PIC = NO;
				GCC_NO_COMMON_BLOCKS = YES;
				GCC_OPTIMIZATION_LEVEL = 0;
				GCC_PREPROCESSOR_DEFINITIONS = (
					"DEBUG=1",
					"$(inherited)",
				);
				GCC_WARN_64_TO_32_BIT_CONVERSION = YES;
				GCC_WARN_ABOUT_RETURN_TYPE = YES_ERROR;
				GCC_WARN_UNDECLARED_SELECTOR = YES;
				GCC_WARN_UNINITIALIZED_AUTOS = YES_AGGRESSIVE;
				GCC_WARN_UNUSED_FUNCTION = YES;
				GCC_WARN_UNUSED_VARIABLE = YES;
				IPHONEOS_DEPLOYMENT_TARGET = 16.4;
				MTL_ENABLE_DEBUG_INFO = INCLUDE_SOURCE;
				MTL_FAST_MATH = YES;
				ONLY_ACTIVE_ARCH = YES;
				SDKROOT = iphoneos;
				SWIFT_ACTIVE_COMPILATION_CONDITIONS = DEBUG;
				SWIFT_OPTIMIZATION_LEVEL = "-Onone";
			};
			name = Debug;
		};
		8677E4582AB5C67E00D2766C /* Release */ = {
			isa = XCBuildConfiguration;
			buildSettings = {
				ALWAYS_SEARCH_USER_PATHS = NO;
				CLANG_ANALYZER_NONNULL = YES;
				CLANG_ANALYZER_NUMBER_OBJECT_CONVERSION = YES_AGGRESSIVE;
				CLANG_CXX_LANGUAGE_STANDARD = "gnu++20";
				CLANG_ENABLE_MODULES = YES;
				CLANG_ENABLE_OBJC_ARC = YES;
				CLANG_ENABLE_OBJC_WEAK = YES;
				CLANG_WARN_BLOCK_CAPTURE_AUTORELEASING = YES;
				CLANG_WARN_BOOL_CONVERSION = YES;
				CLANG_WARN_COMMA = YES;
				CLANG_WARN_CONSTANT_CONVERSION = YES;
				CLANG_WARN_DEPRECATED_OBJC_IMPLEMENTATIONS = YES;
				CLANG_WARN_DIRECT_OBJC_ISA_USAGE = YES_ERROR;
				CLANG_WARN_DOCUMENTATION_COMMENTS = YES;
				CLANG_WARN_EMPTY_BODY = YES;
				CLANG_WARN_ENUM_CONVERSION = YES;
				CLANG_WARN_INFINITE_RECURSION = YES;
				CLANG_WARN_INT_CONVERSION = YES;
				CLANG_WARN_NON_LITERAL_NULL_CONVERSION = YES;
				CLANG_WARN_OBJC_IMPLICIT_RETAIN_SELF = YES;
				CLANG_WARN_OBJC_LITERAL_CONVERSION = YES;
				CLANG_WARN_OBJC_ROOT_CLASS = YES_ERROR;
				CLANG_WARN_QUOTED_INCLUDE_IN_FRAMEWORK_HEADER = YES;
				CLANG_WARN_RANGE_LOOP_ANALYSIS = YES;
				CLANG_WARN_STRICT_PROTOTYPES = YES;
				CLANG_WARN_SUSPICIOUS_MOVE = YES;
				CLANG_WARN_UNGUARDED_AVAILABILITY = YES_AGGRESSIVE;
				CLANG_WARN_UNREACHABLE_CODE = YES;
				CLANG_WARN__DUPLICATE_METHOD_MATCH = YES;
				COPY_PHASE_STRIP = NO;
				DEBUG_INFORMATION_FORMAT = "dwarf-with-dsym";
				ENABLE_NS_ASSERTIONS = NO;
				ENABLE_STRICT_OBJC_MSGSEND = YES;
				GCC_C_LANGUAGE_STANDARD = gnu11;
				GCC_NO_COMMON_BLOCKS = YES;
				GCC_WARN_64_TO_32_BIT_CONVERSION = YES;
				GCC_WARN_ABOUT_RETURN_TYPE = YES_ERROR;
				GCC_WARN_UNDECLARED_SELECTOR = YES;
				GCC_WARN_UNINITIALIZED_AUTOS = YES_AGGRESSIVE;
				GCC_WARN_UNUSED_FUNCTION = YES;
				GCC_WARN_UNUSED_VARIABLE = YES;
				IPHONEOS_DEPLOYMENT_TARGET = 16.4;
				MTL_ENABLE_DEBUG_INFO = NO;
				MTL_FAST_MATH = YES;
				SDKROOT = iphoneos;
				SWIFT_COMPILATION_MODE = wholemodule;
				SWIFT_OPTIMIZATION_LEVEL = "-O";
				VALIDATE_PRODUCT = YES;
			};
			name = Release;
		};
		8677E45A2AB5C67E00D2766C /* Debug */ = {
			isa = XCBuildConfiguration;
			buildSettings = {
				ASSETCATALOG_COMPILER_APPICON_NAME = AppIcon;
				ASSETCATALOG_COMPILER_GLOBAL_ACCENT_COLOR_NAME = AccentColor;
				CODE_SIGN_STYLE = Automatic;
				CURRENT_PROJECT_VERSION = 1;
				DEVELOPMENT_ASSET_PATHS = "\"RandomImage/Preview Content\"";
				DEVELOPMENT_TEAM = 3KQ9N5F32S;
				ENABLE_PREVIEWS = YES;
				GENERATE_INFOPLIST_FILE = YES;
				INFOPLIST_FILE = RandomImage/Info.plist;
				INFOPLIST_KEY_CFBundleDisplayName = "Random Image";
				INFOPLIST_KEY_LSApplicationCategoryType = "public.app-category.photography";
				INFOPLIST_KEY_NSPhotoLibraryAddUsageDescription = "We want to save your filtered photo.";
				INFOPLIST_KEY_UIApplicationSceneManifest_Generation = YES;
				INFOPLIST_KEY_UIApplicationSupportsIndirectInputEvents = YES;
				INFOPLIST_KEY_UILaunchScreen_Generation = YES;
				INFOPLIST_KEY_UILaunchStoryboardName = LaunchScreen.storyboard;
				INFOPLIST_KEY_UISupportedInterfaceOrientations = UIInterfaceOrientationPortrait;
				INFOPLIST_KEY_UISupportedInterfaceOrientations_iPad = "UIInterfaceOrientationPortrait UIInterfaceOrientationPortraitUpsideDown";
				IPHONEOS_DEPLOYMENT_TARGET = 16.0;
				LD_RUNPATH_SEARCH_PATHS = (
					"$(inherited)",
					"@executable_path/Frameworks",
				);
				MARKETING_VERSION = 1.0;
				PRODUCT_BUNDLE_IDENTIFIER = "Aliia-Satbakova.RandomImage";
				PRODUCT_NAME = "$(TARGET_NAME)";
				SWIFT_EMIT_LOC_STRINGS = YES;
				SWIFT_VERSION = 5.0;
				TARGETED_DEVICE_FAMILY = "1,2";
			};
			name = Debug;
		};
		8677E45B2AB5C67E00D2766C /* Release */ = {
			isa = XCBuildConfiguration;
			buildSettings = {
				ASSETCATALOG_COMPILER_APPICON_NAME = AppIcon;
				ASSETCATALOG_COMPILER_GLOBAL_ACCENT_COLOR_NAME = AccentColor;
				CODE_SIGN_STYLE = Automatic;
				CURRENT_PROJECT_VERSION = 1;
				DEVELOPMENT_ASSET_PATHS = "\"RandomImage/Preview Content\"";
				DEVELOPMENT_TEAM = 3KQ9N5F32S;
				ENABLE_PREVIEWS = YES;
				GENERATE_INFOPLIST_FILE = YES;
				INFOPLIST_FILE = RandomImage/Info.plist;
				INFOPLIST_KEY_CFBundleDisplayName = "Random Image";
				INFOPLIST_KEY_LSApplicationCategoryType = "public.app-category.photography";
				INFOPLIST_KEY_NSPhotoLibraryAddUsageDescription = "We want to save your filtered photo.";
				INFOPLIST_KEY_UIApplicationSceneManifest_Generation = YES;
				INFOPLIST_KEY_UIApplicationSupportsIndirectInputEvents = YES;
				INFOPLIST_KEY_UILaunchScreen_Generation = YES;
				INFOPLIST_KEY_UILaunchStoryboardName = LaunchScreen.storyboard;
				INFOPLIST_KEY_UISupportedInterfaceOrientations = UIInterfaceOrientationPortrait;
				INFOPLIST_KEY_UISupportedInterfaceOrientations_iPad = "UIInterfaceOrientationPortrait UIInterfaceOrientationPortraitUpsideDown";
				IPHONEOS_DEPLOYMENT_TARGET = 16.0;
				LD_RUNPATH_SEARCH_PATHS = (
					"$(inherited)",
					"@executable_path/Frameworks",
				);
				MARKETING_VERSION = 1.0;
				PRODUCT_BUNDLE_IDENTIFIER = "Aliia-Satbakova.RandomImage";
				PRODUCT_NAME = "$(TARGET_NAME)";
				SWIFT_EMIT_LOC_STRINGS = YES;
				SWIFT_VERSION = 5.0;
				TARGETED_DEVICE_FAMILY = "1,2";
			};
			name = Release;
		};
/* End XCBuildConfiguration section */

/* Begin XCConfigurationList section */
		8677E4462AB5C67D00D2766C /* Build configuration list for PBXProject "RandomImage" */ = {
			isa = XCConfigurationList;
			buildConfigurations = (
				8677E4572AB5C67E00D2766C /* Debug */,
				8677E4582AB5C67E00D2766C /* Release */,
			);
			defaultConfigurationIsVisible = 0;
			defaultConfigurationName = Release;
		};
		8677E4592AB5C67E00D2766C /* Build configuration list for PBXNativeTarget "RandomImage" */ = {
			isa = XCConfigurationList;
			buildConfigurations = (
				8677E45A2AB5C67E00D2766C /* Debug */,
				8677E45B2AB5C67E00D2766C /* Release */,
			);
			defaultConfigurationIsVisible = 0;
			defaultConfigurationName = Release;
		};
/* End XCConfigurationList section */
	};
	rootObject = 8677E4432AB5C67D00D2766C /* Project object */;
}
